
Microsoft Visual Studio Solution File, Format Version 12.00
# Visual Studio Version 16
VisualStudioVersion = 16.0.30503.244
MinimumVisualStudioVersion = 10.0.40219.1
Project("{8BC9CEB8-8B4A-11D0-8D11-00A0C91BC942}") = "GraphDecomp", "GraphDecomp\GraphDecomp.vcxproj", "{C82310B1-C8D0-4160-AE00-C362C7F4E715}"
EndProject
Project("{8BC9CEB8-8B4A-11D0-8D11-00A0C91BC942}") = "GraphGen", "GraphGen\GraphGen.vcxproj", "{4EE66F63-A1C2-442F-B998-0C026D524C9D}"
EndProject
Project("{8BC9CEB8-8B4A-11D0-8D11-00A0C91BC942}") = "GraphDecomposerUI", "GraphDecomposerUI\GraphDecomposerUI.vcxproj", "{CA2634E6-AD56-4EB9-B3F9-C580CB95DDD4}"
EndProject
Project("{8BC9CEB8-8B4A-11D0-8D11-00A0C91BC942}") = "GraphGeneratorUI", "GraphGeneratorUI\GraphGeneratorUI.vcxproj", "{44914064-7153-4FDA-A461-8C19E160C29C}"
EndProject
Project("{8BC9CEB8-8B4A-11D0-8D11-00A0C91BC942}") = "GraphGenDecomp", "GraphGenDecomp\GraphGenDecomp.vcxproj", "{6640C1F4-CCC3-4780-9BD3-795B0E7E167E}"
EndProject
Global
	GlobalSection(SolutionConfigurationPlatforms) = preSolution
		Debug|x64 = Debug|x64
		Debug|x86 = Debug|x86
		Release|x64 = Release|x64
		Release|x86 = Release|x86
		UI|x64 = UI|x64
		UI|x86 = UI|x86
	EndGlobalSection
	GlobalSection(ProjectConfigurationPlatforms) = postSolution
		{C82310B1-C8D0-4160-AE00-C362C7F4E715}.Debug|x64.ActiveCfg = Debug|x64
		{C82310B1-C8D0-4160-AE00-C362C7F4E715}.Debug|x64.Build.0 = Debug|x64
		{C82310B1-C8D0-4160-AE00-C362C7F4E715}.Debug|x86.ActiveCfg = Debug|Win32
		{C82310B1-C8D0-4160-AE00-C362C7F4E715}.Debug|x86.Build.0 = Debug|Win32
		{C82310B1-C8D0-4160-AE00-C362C7F4E715}.Release|x64.ActiveCfg = Release|x64
		{C82310B1-C8D0-4160-AE00-C362C7F4E715}.Release|x64.Build.0 = Release|x64
		{C82310B1-C8D0-4160-AE00-C362C7F4E715}.Release|x86.ActiveCfg = Release|Win32
		{C82310B1-C8D0-4160-AE00-C362C7F4E715}.Release|x86.Build.0 = Release|Win32
		{C82310B1-C8D0-4160-AE00-C362C7F4E715}.UI|x64.ActiveCfg = UI|x64
		{C82310B1-C8D0-4160-AE00-C362C7F4E715}.UI|x64.Build.0 = UI|x64
		{C82310B1-C8D0-4160-AE00-C362C7F4E715}.UI|x86.ActiveCfg = UI|Win32
		{C82310B1-C8D0-4160-AE00-C362C7F4E715}.UI|x86.Build.0 = UI|Win32
		{4EE66F63-A1C2-442F-B998-0C026D524C9D}.Debug|x64.ActiveCfg = Debug|x64
		{4EE66F63-A1C2-442F-B998-0C026D524C9D}.Debug|x64.Build.0 = Debug|x64
		{4EE66F63-A1C2-442F-B998-0C026D524C9D}.Debug|x86.ActiveCfg = Debug|Win32
		{4EE66F63-A1C2-442F-B998-0C026D524C9D}.Debug|x86.Build.0 = Debug|Win32
		{4EE66F63-A1C2-442F-B998-0C026D524C9D}.Release|x64.ActiveCfg = Release|x64
		{4EE66F63-A1C2-442F-B998-0C026D524C9D}.Release|x64.Build.0 = Release|x64
		{4EE66F63-A1C2-442F-B998-0C026D524C9D}.Release|x86.ActiveCfg = Release|Win32
		{4EE66F63-A1C2-442F-B998-0C026D524C9D}.Release|x86.Build.0 = Release|Win32
		{4EE66F63-A1C2-442F-B998-0C026D524C9D}.UI|x64.ActiveCfg = UI|x64
		{4EE66F63-A1C2-442F-B998-0C026D524C9D}.UI|x64.Build.0 = UI|x64
		{4EE66F63-A1C2-442F-B998-0C026D524C9D}.UI|x86.ActiveCfg = UI|Win32
		{4EE66F63-A1C2-442F-B998-0C026D524C9D}.UI|x86.Build.0 = UI|Win32
		{CA2634E6-AD56-4EB9-B3F9-C580CB95DDD4}.Debug|x64.ActiveCfg = Debug|x64
		{CA2634E6-AD56-4EB9-B3F9-C580CB95DDD4}.Debug|x64.Build.0 = Debug|x64
		{CA2634E6-AD56-4EB9-B3F9-C580CB95DDD4}.Debug|x86.ActiveCfg = Debug|Win32
		{CA2634E6-AD56-4EB9-B3F9-C580CB95DDD4}.Debug|x86.Build.0 = Debug|Win32
		{CA2634E6-AD56-4EB9-B3F9-C580CB95DDD4}.Release|x64.ActiveCfg = Release|x64
		{CA2634E6-AD56-4EB9-B3F9-C580CB95DDD4}.Release|x64.Build.0 = Release|x64
		{CA2634E6-AD56-4EB9-B3F9-C580CB95DDD4}.Release|x86.ActiveCfg = Release|Win32
		{CA2634E6-AD56-4EB9-B3F9-C580CB95DDD4}.Release|x86.Build.0 = Release|Win32
		{CA2634E6-AD56-4EB9-B3F9-C580CB95DDD4}.UI|x64.ActiveCfg = Debug|x64
		{CA2634E6-AD56-4EB9-B3F9-C580CB95DDD4}.UI|x64.Build.0 = Debug|x64
		{CA2634E6-AD56-4EB9-B3F9-C580CB95DDD4}.UI|x86.ActiveCfg = Debug|Win32
		{CA2634E6-AD56-4EB9-B3F9-C580CB95DDD4}.UI|x86.Build.0 = Debug|Win32
		{44914064-7153-4FDA-A461-8C19E160C29C}.Debug|x64.ActiveCfg = Debug|x64
		{44914064-7153-4FDA-A461-8C19E160C29C}.Debug|x64.Build.0 = Debug|x64
		{44914064-7153-4FDA-A461-8C19E160C29C}.Debug|x86.ActiveCfg = Debug|Win32
		{44914064-7153-4FDA-A461-8C19E160C29C}.Debug|x86.Build.0 = Debug|Win32
		{44914064-7153-4FDA-A461-8C19E160C29C}.Release|x64.ActiveCfg = Release|x64
		{44914064-7153-4FDA-A461-8C19E160C29C}.Release|x64.Build.0 = Release|x64
		{44914064-7153-4FDA-A461-8C19E160C29C}.Release|x86.ActiveCfg = Release|Win32
		{44914064-7153-4FDA-A461-8C19E160C29C}.Release|x86.Build.0 = Release|Win32
		{44914064-7153-4FDA-A461-8C19E160C29C}.UI|x64.ActiveCfg = Debug|x64
		{44914064-7153-4FDA-A461-8C19E160C29C}.UI|x64.Build.0 = Debug|x64
		{44914064-7153-4FDA-A461-8C19E160C29C}.UI|x86.ActiveCfg = Debug|Win32
		{44914064-7153-4FDA-A461-8C19E160C29C}.UI|x86.Build.0 = Debug|Win32
		{6640C1F4-CCC3-4780-9BD3-795B0E7E167E}.Debug|x64.ActiveCfg = Debug|x64
		{6640C1F4-CCC3-4780-9BD3-795B0E7E167E}.Debug|x64.Build.0 = Debug|x64
		{6640C1F4-CCC3-4780-9BD3-795B0E7E167E}.Debug|x86.ActiveCfg = Debug|Win32
		{6640C1F4-CCC3-4780-9BD3-795B0E7E167E}.Debug|x86.Build.0 = Debug|Win32
		{6640C1F4-CCC3-4780-9BD3-795B0E7E167E}.Release|x64.ActiveCfg = Release|x64
		{6640C1F4-CCC3-4780-9BD3-795B0E7E167E}.Release|x64.Build.0 = Release|x64
		{6640C1F4-CCC3-4780-9BD3-795B0E7E167E}.Release|x86.ActiveCfg = Release|Win32
		{6640C1F4-CCC3-4780-9BD3-795B0E7E167E}.Release|x86.Build.0 = Release|Win32
		{6640C1F4-CCC3-4780-9BD3-795B0E7E167E}.UI|x64.ActiveCfg = Debug|x64
		{6640C1F4-CCC3-4780-9BD3-795B0E7E167E}.UI|x64.Build.0 = Debug|x64
		{6640C1F4-CCC3-4780-9BD3-795B0E7E167E}.UI|x86.ActiveCfg = Debug|Win32
		{6640C1F4-CCC3-4780-9BD3-795B0E7E167E}.UI|x86.Build.0 = Debug|Win32
	EndGlobalSection
	GlobalSection(SolutionProperties) = preSolution
		HideSolutionNode = FALSE
	EndGlobalSection
	GlobalSection(ExtensibilityGlobals) = postSolution
		SolutionGuid = {5F849BED-949C-4EA7-806C-2300CF520712}
	EndGlobalSection
EndGlobal
